
Microsoft Visual Studio Solution File, Format Version 12.00
# Visual Studio 15
VisualStudioVersion = 15.0.27703.2000
MinimumVisualStudioVersion = 10.0.40219.1
Project("{FAE04EC0-301F-11D3-BF4B-00C04F79EFBC}") = "G1ANT.Addon.Ftp", "G1ANT.Addon.Ftp\G1ANT.Addon.Ftp.csproj", "{0F28890B-B098-4B73-9E0C-6C4093E39A05}"
EndProject
Project("{FAE04EC0-301F-11D3-BF4B-00C04F79EFBC}") = "TestAddonFTP", "TestAddonFTP\TestAddonFTP.csproj", "{0C5F9022-C999-4449-A415-D7A1F737B5D6}"
EndProject
Global
	GlobalSection(SolutionConfigurationPlatforms) = preSolution
		Debug|Any CPU = Debug|Any CPU
		Release|Any CPU = Release|Any CPU
	EndGlobalSection
	GlobalSection(ProjectConfigurationPlatforms) = postSolution
		{0F28890B-B098-4B73-9E0C-6C4093E39A05}.Debug|Any CPU.ActiveCfg = Debug|Any CPU
		{0F28890B-B098-4B73-9E0C-6C4093E39A05}.Debug|Any CPU.Build.0 = Debug|Any CPU
		{0F28890B-B098-4B73-9E0C-6C4093E39A05}.Release|Any CPU.ActiveCfg = Release|Any CPU
		{0F28890B-B098-4B73-9E0C-6C4093E39A05}.Release|Any CPU.Build.0 = Release|Any CPU
		{0C5F9022-C999-4449-A415-D7A1F737B5D6}.Debug|Any CPU.ActiveCfg = Debug|Any CPU
		{0C5F9022-C999-4449-A415-D7A1F737B5D6}.Debug|Any CPU.Build.0 = Debug|Any CPU
		{0C5F9022-C999-4449-A415-D7A1F737B5D6}.Release|Any CPU.ActiveCfg = Release|Any CPU
		{0C5F9022-C999-4449-A415-D7A1F737B5D6}.Release|Any CPU.Build.0 = Release|Any CPU
	EndGlobalSection
	GlobalSection(SolutionProperties) = preSolution
		HideSolutionNode = FALSE
	EndGlobalSection
	GlobalSection(ExtensibilityGlobals) = postSolution
		SolutionGuid = {DB72D0F3-4ACB-4EA5-BB63-273BB9EE1033}
	EndGlobalSection
EndGlobal
